{
    "version": 3,
    "terraform_version": "0.10.8",
    "serial": 7,
    "lineage": "34cf2a88-6656-4d44-988f-761bb347e7f8",
    "modules": [
        {
            "path": [
                "root"
            ],
            "outputs": {},
            "resources": {
                "aws_eip.warren-gilbert": {
                    "type": "aws_eip",
                    "depends_on": [],
                    "primary": {
                        "id": "eipalloc-f2174bc7",
                        "attributes": {
                            "association_id": "eipassoc-b050a386",
                            "domain": "vpc",
                            "id": "eipalloc-f2174bc7",
                            "instance": "",
                            "network_interface": "eni-db9cef56",
                            "private_ip": "10.0.1.91",
                            "public_ip": "34.192.138.174",
                            "vpc": "true"
                        },
                        "meta": {},
                        "tainted": false
                    },
                    "deposed": [],
                    "provider": ""
                },
                "aws_instance.warren-gilbert": {
                    "type": "aws_instance",
                    "depends_on": [
                        "aws_security_group.warren-gilbert",
                        "aws_subnet.public"
                    ],
                    "primary": {
                        "id": "i-05f7fe27b69c36857",
                        "attributes": {
                            "ami": "ami-cd0f5cb6",
                            "associate_public_ip_address": "true",
                            "availability_zone": "us-east-1b",
                            "disable_api_termination": "false",
                            "ebs_block_device.#": "0",
                            "ebs_optimized": "false",
                            "ephemeral_block_device.#": "0",
                            "iam_instance_profile": "",
                            "id": "i-05f7fe27b69c36857",
                            "instance_state": "running",
                            "instance_type": "m4.large",
                            "ipv6_addresses.#": "0",
                            "key_name": "test",
                            "monitoring": "false",
                            "network_interface.#": "0",
                            "network_interface_id": "eni-a1c1b22c",
                            "primary_network_interface_id": "eni-a1c1b22c",
                            "private_dns": "ip-10-0-2-192.ec2.internal",
                            "private_ip": "10.0.2.192",
                            "public_dns": "",
                            "public_ip": "54.208.115.32",
                            "root_block_device.#": "1",
                            "root_block_device.0.delete_on_termination": "true",
                            "root_block_device.0.iops": "100",
                            "root_block_device.0.volume_size": "8",
                            "root_block_device.0.volume_type": "gp2",
                            "security_groups.#": "0",
                            "source_dest_check": "true",
                            "subnet_id": "subnet-aa15e485",
                            "tags.%": "0",
                            "tenancy": "default",
                            "volume_tags.%": "0",
                            "vpc_security_group_ids.#": "1",
                            "vpc_security_group_ids.2961118033": "sg-6d0c251f"
                        },
                        "meta": {
                            "e2bfb730-ecaa-11e6-8f88-34363bc7c4c0": {
                                "create": 600000000000,
                                "delete": 600000000000,
                                "update": 600000000000
                            },
                            "schema_version": "1"
                        },
                        "tainted": false
                    },
                    "deposed": [],
                    "provider": ""
                },
                "aws_internet_gateway.warren-gilbert": {
                    "type": "aws_internet_gateway",
                    "depends_on": [
                        "aws_vpc.warren-gilbert"
                    ],
                    "primary": {
                        "id": "igw-817dc0f8",
                        "attributes": {
                            "id": "igw-817dc0f8",
                            "tags.%": "0",
                            "vpc_id": "vpc-8c76def4"
                        },
                        "meta": {},
                        "tainted": false
                    },
                    "deposed": [],
                    "provider": ""
                },
                "aws_nat_gateway.warren-gilbert": {
                    "type": "aws_nat_gateway",
                    "depends_on": [
                        "aws_eip.warren-gilbert",
                        "aws_subnet.private"
                    ],
                    "primary": {
                        "id": "nat-0fcd3d0e9053ef988",
                        "attributes": {
                            "allocation_id": "eipalloc-f2174bc7",
                            "id": "nat-0fcd3d0e9053ef988",
                            "network_interface_id": "eni-db9cef56",
                            "private_ip": "10.0.1.91",
                            "public_ip": "34.192.138.174",
                            "subnet_id": "subnet-1916e736",
                            "tags.%": "0"
                        },
                        "meta": {},
                        "tainted": false
                    },
                    "deposed": [],
                    "provider": ""
                },
                "aws_route_table.warren-gilbert": {
                    "type": "aws_route_table",
                    "depends_on": [
                        "aws_vpc.warren-gilbert"
                    ],
                    "primary": {
                        "id": "rtb-e82e6092",
                        "attributes": {
                            "id": "rtb-e82e6092",
                            "propagating_vgws.#": "0",
                            "route.#": "1",
                            "route.3240381819.cidr_block": "0.0.0.0/0",
                            "route.3240381819.egress_only_gateway_id": "",
                            "route.3240381819.gateway_id": "igw-817dc0f8",
                            "route.3240381819.instance_id": "",
                            "route.3240381819.ipv6_cidr_block": "",
                            "route.3240381819.nat_gateway_id": "",
                            "route.3240381819.network_interface_id": "",
                            "route.3240381819.vpc_peering_connection_id": "",
                            "tags.%": "0",
                            "vpc_id": "vpc-8c76def4"
                        },
                        "meta": {},
                        "tainted": false
                    },
                    "deposed": [],
                    "provider": ""
                },
                "aws_route_table_association.warren-gilber": {
                    "type": "aws_route_table_association",
                    "depends_on": [
                        "aws_route_table.warren-gilbert",
                        "aws_subnet.public"
                    ],
                    "primary": {
                        "id": "rtbassoc-476edb3a",
                        "attributes": {
                            "id": "rtbassoc-476edb3a",
                            "route_table_id": "rtb-e82e6092",
                            "subnet_id": "subnet-aa15e485"
                        },
                        "meta": {},
                        "tainted": false
                    },
                    "deposed": [],
                    "provider": ""
                },
                "aws_security_group.warren-gilbert": {
                    "type": "aws_security_group",
                    "depends_on": [
                        "aws_vpc.warren-gilbert"
                    ],
                    "primary": {
                        "id": "sg-6d0c251f",
                        "attributes": {
                            "description": "Webserver",
                            "egress.#": "1",
                            "egress.482069346.cidr_blocks.#": "1",
                            "egress.482069346.cidr_blocks.0": "0.0.0.0/0",
                            "egress.482069346.description": "",
                            "egress.482069346.from_port": "0",
                            "egress.482069346.ipv6_cidr_blocks.#": "0",
                            "egress.482069346.prefix_list_ids.#": "0",
                            "egress.482069346.protocol": "-1",
                            "egress.482069346.security_groups.#": "0",
                            "egress.482069346.self": "false",
                            "egress.482069346.to_port": "0",
                            "id": "sg-6d0c251f",
                            "ingress.#": "1",
                            "ingress.2214680975.cidr_blocks.#": "1",
                            "ingress.2214680975.cidr_blocks.0": "0.0.0.0/0",
                            "ingress.2214680975.description": "",
                            "ingress.2214680975.from_port": "80",
                            "ingress.2214680975.ipv6_cidr_blocks.#": "0",
                            "ingress.2214680975.protocol": "tcp",
                            "ingress.2214680975.security_groups.#": "0",
                            "ingress.2214680975.self": "false",
                            "ingress.2214680975.to_port": "80",
                            "name": "nginx",
                            "owner_id": "654246500734",
                            "revoke_rules_on_delete": "false",
                            "tags.%": "0",
                            "vpc_id": "vpc-8c76def4"
                        },
                        "meta": {
                            "schema_version": "1"
                        },
                        "tainted": false
                    },
                    "deposed": [],
                    "provider": ""
                },
                "aws_security_group_rule.ssh": {
                    "type": "aws_security_group_rule",
                    "depends_on": [
                        "aws_security_group.warren-gilbert"
                    ],
                    "primary": {
                        "id": "sgrule-1770645269",
                        "attributes": {
                            "cidr_blocks.#": "1",
                            "cidr_blocks.0": "0.0.0.0/0",
                            "from_port": "22",
                            "id": "sgrule-1770645269",
                            "protocol": "tcp",
                            "security_group_id": "sg-6d0c251f",
                            "self": "false",
                            "to_port": "22",
                            "type": "ingress"
                        },
                        "meta": {
                            "schema_version": "2"
                        },
                        "tainted": false
                    },
                    "deposed": [],
                    "provider": ""
                },
                "aws_security_group_rule.warren-gilberte": {
                    "type": "aws_security_group_rule",
                    "depends_on": [
                        "aws_security_group.warren-gilbert"
                    ],
                    "primary": {
                        "id": "sgrule-3741563552",
                        "attributes": {
                            "cidr_blocks.#": "1",
                            "cidr_blocks.0": "0.0.0.0/0",
                            "description": "",
                            "from_port": "80",
                            "id": "sgrule-3741563552",
                            "ipv6_cidr_blocks.#": "0",
                            "prefix_list_ids.#": "0",
                            "protocol": "tcp",
                            "security_group_id": "sg-6d0c251f",
                            "self": "false",
                            "to_port": "80",
                            "type": "ingress"
                        },
                        "meta": {
                            "schema_version": "2"
                        },
                        "tainted": false
                    },
                    "deposed": [],
                    "provider": ""
                },
                "aws_security_group_rule.warren-gilberts": {
                    "type": "aws_security_group_rule",
                    "depends_on": [
                        "aws_security_group.warren-gilbert"
                    ],
                    "primary": {
                        "id": "sgrule-4026828566",
                        "attributes": {
                            "cidr_blocks.#": "1",
                            "cidr_blocks.0": "0.0.0.0/0",
                            "description": "",
                            "from_port": "0",
                            "id": "sgrule-4026828566",
                            "ipv6_cidr_blocks.#": "0",
                            "prefix_list_ids.#": "0",
                            "protocol": "-1",
                            "security_group_id": "sg-6d0c251f",
                            "self": "false",
                            "to_port": "0",
                            "type": "egress"
                        },
                        "meta": {
                            "schema_version": "2"
                        },
                        "tainted": false
                    },
                    "deposed": [],
                    "provider": ""
                },
                "aws_subnet.private": {
                    "type": "aws_subnet",
                    "depends_on": [
                        "aws_vpc.warren-gilbert"
                    ],
                    "primary": {
                        "id": "subnet-1916e736",
                        "attributes": {
                            "assign_ipv6_address_on_creation": "false",
                            "availability_zone": "us-east-1b",
                            "cidr_block": "10.0.1.0/24",
                            "id": "subnet-1916e736",
                            "map_public_ip_on_launch": "false",
                            "tags.%": "0",
                            "vpc_id": "vpc-8c76def4"
                        },
                        "meta": {
                            "schema_version": "1"
                        },
                        "tainted": false
                    },
                    "deposed": [],
                    "provider": ""
                },
                "aws_subnet.public": {
                    "type": "aws_subnet",
                    "depends_on": [
                        "aws_vpc.warren-gilbert"
                    ],
                    "primary": {
                        "id": "subnet-aa15e485",
                        "attributes": {
                            "assign_ipv6_address_on_creation": "false",
                            "availability_zone": "us-east-1b",
                            "cidr_block": "10.0.2.0/24",
                            "id": "subnet-aa15e485",
                            "map_public_ip_on_launch": "true",
                            "tags.%": "0",
                            "vpc_id": "vpc-8c76def4"
                        },
                        "meta": {
                            "schema_version": "1"
                        },
                        "tainted": false
                    },
                    "deposed": [],
                    "provider": ""
                },
                "aws_vpc.warren-gilbert": {
                    "type": "aws_vpc",
                    "depends_on": [],
                    "primary": {
                        "id": "vpc-8c76def4",
                        "attributes": {
                            "assign_generated_ipv6_cidr_block": "false",
                            "cidr_block": "10.0.0.0/16",
                            "default_network_acl_id": "acl-c7e3ccbf",
                            "default_route_table_id": "rtb-c82d63b2",
                            "default_security_group_id": "sg-35331a47",
                            "dhcp_options_id": "dopt-1ee04b78",
                            "enable_classiclink": "false",
                            "enable_classiclink_dns_support": "false",
                            "enable_dns_hostnames": "false",
                            "enable_dns_support": "true",
                            "id": "vpc-8c76def4",
                            "instance_tenancy": "default",
                            "main_route_table_id": "rtb-c82d63b2",
                            "tags.%": "0"
                        },
                        "meta": {
                            "schema_version": "1"
                        },
                        "tainted": false
                    },
                    "deposed": [],
                    "provider": ""
                }
            },
            "depends_on": []
        }
    ]
}
